
Microsoft Visual Studio Solution File, Format Version 12.00
# Visual Studio 15
VisualStudioVersion = 15.0.28010.2048
MinimumVisualStudioVersion = 10.0.40219.1
Project("{FAE04EC0-301F-11D3-BF4B-00C04F79EFBC}") = "Personel", "Personel\Personel.csproj", "{BA1203A2-E7CC-4A2C-A1C9-16A123A448EA}"
EndProject
Project("{FAE04EC0-301F-11D3-BF4B-00C04F79EFBC}") = "DAL", "DAL\DAL.csproj", "{AE4558C2-8D8F-4028-99E0-362557A05D37}"
EndProject
Project("{FAE04EC0-301F-11D3-BF4B-00C04F79EFBC}") = "BLL", "BLL\BLL.csproj", "{FEB8571A-E11C-429F-A66A-D24A6BC47F38}"
EndProject
Project("{FAE04EC0-301F-11D3-BF4B-00C04F79EFBC}") = "Login", "Login\Login.csproj", "{0B88316E-9A7C-40E3-BA0E-A9DC36CB5518}"
EndProject
Project("{FAE04EC0-301F-11D3-BF4B-00C04F79EFBC}") = "MainForm", "MainForm\MainForm.csproj", "{5D526BD5-1224-4F5C-AA19-D9012F5B18B1}"
EndProject
Project("{FAE04EC0-301F-11D3-BF4B-00C04F79EFBC}") = "Toptanci", "Toptanci\Toptanci.csproj", "{3414717F-E95B-4705-B64C-35B44A4F5AB0}"
EndProject
Global
	GlobalSection(SolutionConfigurationPlatforms) = preSolution
		Debug|Any CPU = Debug|Any CPU
		Release|Any CPU = Release|Any CPU
	EndGlobalSection
	GlobalSection(ProjectConfigurationPlatforms) = postSolution
		{BA1203A2-E7CC-4A2C-A1C9-16A123A448EA}.Debug|Any CPU.ActiveCfg = Debug|Any CPU
		{BA1203A2-E7CC-4A2C-A1C9-16A123A448EA}.Debug|Any CPU.Build.0 = Debug|Any CPU
		{BA1203A2-E7CC-4A2C-A1C9-16A123A448EA}.Release|Any CPU.ActiveCfg = Release|Any CPU
		{BA1203A2-E7CC-4A2C-A1C9-16A123A448EA}.Release|Any CPU.Build.0 = Release|Any CPU
		{AE4558C2-8D8F-4028-99E0-362557A05D37}.Debug|Any CPU.ActiveCfg = Debug|Any CPU
		{AE4558C2-8D8F-4028-99E0-362557A05D37}.Debug|Any CPU.Build.0 = Debug|Any CPU
		{AE4558C2-8D8F-4028-99E0-362557A05D37}.Release|Any CPU.ActiveCfg = Release|Any CPU
		{AE4558C2-8D8F-4028-99E0-362557A05D37}.Release|Any CPU.Build.0 = Release|Any CPU
		{FEB8571A-E11C-429F-A66A-D24A6BC47F38}.Debug|Any CPU.ActiveCfg = Debug|Any CPU
		{FEB8571A-E11C-429F-A66A-D24A6BC47F38}.Debug|Any CPU.Build.0 = Debug|Any CPU
		{FEB8571A-E11C-429F-A66A-D24A6BC47F38}.Release|Any CPU.ActiveCfg = Release|Any CPU
		{FEB8571A-E11C-429F-A66A-D24A6BC47F38}.Release|Any CPU.Build.0 = Release|Any CPU
		{0B88316E-9A7C-40E3-BA0E-A9DC36CB5518}.Debug|Any CPU.ActiveCfg = Debug|Any CPU
		{0B88316E-9A7C-40E3-BA0E-A9DC36CB5518}.Debug|Any CPU.Build.0 = Debug|Any CPU
		{0B88316E-9A7C-40E3-BA0E-A9DC36CB5518}.Release|Any CPU.ActiveCfg = Release|Any CPU
		{0B88316E-9A7C-40E3-BA0E-A9DC36CB5518}.Release|Any CPU.Build.0 = Release|Any CPU
		{5D526BD5-1224-4F5C-AA19-D9012F5B18B1}.Debug|Any CPU.ActiveCfg = Debug|Any CPU
		{5D526BD5-1224-4F5C-AA19-D9012F5B18B1}.Debug|Any CPU.Build.0 = Debug|Any CPU
		{5D526BD5-1224-4F5C-AA19-D9012F5B18B1}.Release|Any CPU.ActiveCfg = Release|Any CPU
		{5D526BD5-1224-4F5C-AA19-D9012F5B18B1}.Release|Any CPU.Build.0 = Release|Any CPU
		{3414717F-E95B-4705-B64C-35B44A4F5AB0}.Debug|Any CPU.ActiveCfg = Debug|Any CPU
		{3414717F-E95B-4705-B64C-35B44A4F5AB0}.Debug|Any CPU.Build.0 = Debug|Any CPU
		{3414717F-E95B-4705-B64C-35B44A4F5AB0}.Release|Any CPU.ActiveCfg = Release|Any CPU
		{3414717F-E95B-4705-B64C-35B44A4F5AB0}.Release|Any CPU.Build.0 = Release|Any CPU
	EndGlobalSection
	GlobalSection(SolutionProperties) = preSolution
		HideSolutionNode = FALSE
	EndGlobalSection
	GlobalSection(ExtensibilityGlobals) = postSolution
		SolutionGuid = {F41A4BE3-D6AD-4ACC-86B6-2C99A2D7934D}
	EndGlobalSection
EndGlobal
